
Microsoft Visual Studio Solution File, Format Version 12.00
# Visual Studio Version 16
VisualStudioVersion = 16.0.30204.135
MinimumVisualStudioVersion = 10.0.40219.1
Project("{FAE04EC0-301F-11D3-BF4B-00C04F79EFBC}") = "TP_Interface_Visual", "TP_Interface_Visual\TP_Interface_Visual.csproj", "{B358580D-CE8E-45BB-8E84-2FE78752D214}"
EndProject
Global
	GlobalSection(SolutionConfigurationPlatforms) = preSolution
		Debug|Any CPU = Debug|Any CPU
		Release|Any CPU = Release|Any CPU
	EndGlobalSection
	GlobalSection(ProjectConfigurationPlatforms) = postSolution
		{B358580D-CE8E-45BB-8E84-2FE78752D214}.Debug|Any CPU.ActiveCfg = Debug|Any CPU
		{B358580D-CE8E-45BB-8E84-2FE78752D214}.Debug|Any CPU.Build.0 = Debug|Any CPU
		{B358580D-CE8E-45BB-8E84-2FE78752D214}.Release|Any CPU.ActiveCfg = Release|Any CPU
		{B358580D-CE8E-45BB-8E84-2FE78752D214}.Release|Any CPU.Build.0 = Release|Any CPU
	EndGlobalSection
	GlobalSection(SolutionProperties) = preSolution
		HideSolutionNode = FALSE
	EndGlobalSection
	GlobalSection(ExtensibilityGlobals) = postSolution
		SolutionGuid = {1F344021-D40F-4391-966B-814A51C161FB}
	EndGlobalSection
EndGlobal
